
Microsoft Visual Studio Solution File, Format Version 12.00
# Visual Studio Version 16
VisualStudioVersion = 16.0.29519.87
MinimumVisualStudioVersion = 10.0.40219.1
Project("{9A19103F-16F7-4668-BE54-9A1E7A4F7556}") = "SortAlgorithms", "SortAlgorithms\SortAlgorithms.csproj", "{C7013577-80AF-4116-A6E4-321E2D9583D8}"
EndProject
Project("{9A19103F-16F7-4668-BE54-9A1E7A4F7556}") = "SortingCore", "SortingCore\SortingCore.csproj", "{C17347C7-758A-4E69-AFA2-C4A1A295351D}"
EndProject
Project("{9A19103F-16F7-4668-BE54-9A1E7A4F7556}") = "WebSortAlgorithms", "WebSortAlgorithms\WebSortAlgorithms.csproj", "{C5070C71-6F6B-4EC9-9B2E-337C731E191B}"
EndProject
Project("{2150E333-8FDC-42A3-9474-1A3956D46DE8}") = "Documentation", "Documentation", "{F4ED3AC3-B074-4C49-B8FE-A212329B5D75}"
	ProjectSection(SolutionItems) = preProject
		..\..\..\..\Users\kokor\Downloads\Class Diagram.drawio = ..\..\..\..\Users\kokor\Downloads\Class Diagram.drawio
	EndProjectSection
EndProject
Global
	GlobalSection(SolutionConfigurationPlatforms) = preSolution
		Debug|Any CPU = Debug|Any CPU
		Release|Any CPU = Release|Any CPU
	EndGlobalSection
	GlobalSection(ProjectConfigurationPlatforms) = postSolution
		{C7013577-80AF-4116-A6E4-321E2D9583D8}.Debug|Any CPU.ActiveCfg = Debug|Any CPU
		{C7013577-80AF-4116-A6E4-321E2D9583D8}.Debug|Any CPU.Build.0 = Debug|Any CPU
		{C7013577-80AF-4116-A6E4-321E2D9583D8}.Release|Any CPU.ActiveCfg = Release|Any CPU
		{C7013577-80AF-4116-A6E4-321E2D9583D8}.Release|Any CPU.Build.0 = Release|Any CPU
		{C17347C7-758A-4E69-AFA2-C4A1A295351D}.Debug|Any CPU.ActiveCfg = Debug|Any CPU
		{C17347C7-758A-4E69-AFA2-C4A1A295351D}.Debug|Any CPU.Build.0 = Debug|Any CPU
		{C17347C7-758A-4E69-AFA2-C4A1A295351D}.Release|Any CPU.ActiveCfg = Release|Any CPU
		{C17347C7-758A-4E69-AFA2-C4A1A295351D}.Release|Any CPU.Build.0 = Release|Any CPU
		{C5070C71-6F6B-4EC9-9B2E-337C731E191B}.Debug|Any CPU.ActiveCfg = Debug|Any CPU
		{C5070C71-6F6B-4EC9-9B2E-337C731E191B}.Debug|Any CPU.Build.0 = Debug|Any CPU
		{C5070C71-6F6B-4EC9-9B2E-337C731E191B}.Release|Any CPU.ActiveCfg = Release|Any CPU
		{C5070C71-6F6B-4EC9-9B2E-337C731E191B}.Release|Any CPU.Build.0 = Release|Any CPU
	EndGlobalSection
	GlobalSection(SolutionProperties) = preSolution
		HideSolutionNode = FALSE
	EndGlobalSection
	GlobalSection(ExtensibilityGlobals) = postSolution
		SolutionGuid = {FCCECE0B-61B2-4EB4-BFDA-A532BF2B8224}
	EndGlobalSection
EndGlobal
